{
  "version": 4,
  "terraform_version": "1.14.6",
  "serial": 4,
  "lineage": "3a7145a7-4711-da39-b761-aac1f75d43cd",
  "outputs": {
    "lambda_arn": {
      "value": "arn:aws:lambda:us-west-2:738222620494:function:birthday-checker",
      "type": "string"
    },
    "lambda_function_name": {
      "value": "birthday-checker",
      "type": "string"
    }
  },
  "resources": [
    {
      "mode": "data",
      "type": "archive_file",
      "name": "lambda_zip",
      "provider": "provider[\"registry.terraform.io/hashicorp/archive\"]",
      "instances": [
        {
          "schema_version": 0,
          "attributes": {
            "exclude_symlink_directories": null,
            "excludes": null,
            "id": "1d7f6c87a534b039bddbe49b64b165a18f8db3d5",
            "output_base64sha256": "bNJ8RoctihL7P1lm5HU/A9xHlhGYBwND03zPtAyrqss=",
            "output_base64sha512": "7XKx5U7xC7sJeKbG7HuCZDbHGh7ociXdFAUGwGHmndjPTcV5IeRBnPW30g19Oq+lwOD3G/KdbuIiAnpCoky6vw==",
            "output_file_mode": null,
            "output_md5": "1c36b6a3929109b455063f6e52954232",
            "output_path": "./lambda_function_payload.zip",
            "output_sha": "1d7f6c87a534b039bddbe49b64b165a18f8db3d5",
            "output_sha256": "6cd27c46872d8a12fb3f5966e4753f03dc47961198070343d37ccfb40cabaacb",
            "output_sha512": "ed72b1e54ef10bbb0978a6c6ec7b826436c71a1ee87225dd140506c061e69dd8cf4dc57921e4419cf5b7d20d7d3aafa5c0e0f71bf29d6ee222027a42a24cbabf",
            "output_size": 294,
            "source": [],
            "source_content": null,
            "source_content_filename": null,
            "source_dir": null,
            "source_file": "./../lambda/index.py",
            "type": "zip"
          },
          "sensitive_attributes": [],
          "identity_schema_version": 0
        }
      ]
    },
    {
      "mode": "managed",
      "type": "aws_iam_role",
      "name": "lambda_exec_role",
      "provider": "provider[\"registry.terraform.io/hashicorp/aws\"]",
      "instances": [
        {
          "schema_version": 0,
          "attributes": {
            "arn": "arn:aws:iam::738222620494:role/birthday_checker_lambda_exec_role",
            "assume_role_policy": "{\"Statement\":[{\"Action\":\"sts:AssumeRole\",\"Effect\":\"Allow\",\"Principal\":{\"Service\":\"lambda.amazonaws.com\"}}],\"Version\":\"2012-10-17\"}",
            "create_date": "2026-03-08T23:02:50Z",
            "description": "",
            "force_detach_policies": false,
            "id": "birthday_checker_lambda_exec_role",
            "inline_policy": [],
            "managed_policy_arns": [],
            "max_session_duration": 3600,
            "name": "birthday_checker_lambda_exec_role",
            "name_prefix": "",
            "path": "/",
            "permissions_boundary": "",
            "tags": null,
            "tags_all": {},
            "unique_id": "AROA2XYL7H5HIJ2UMIER7"
          },
          "sensitive_attributes": [],
          "identity_schema_version": 0,
          "identity": {
            "account_id": "738222620494",
            "name": "birthday_checker_lambda_exec_role"
          },
          "private": "bnVsbA=="
        }
      ]
    },
    {
      "mode": "managed",
      "type": "aws_iam_role_policy_attachment",
      "name": "lambda_logs",
      "provider": "provider[\"registry.terraform.io/hashicorp/aws\"]",
      "instances": [
        {
          "schema_version": 0,
          "attributes": {
            "id": "birthday_checker_lambda_exec_role/arn:aws:iam::aws:policy/service-role/AWSLambdaBasicExecutionRole",
            "policy_arn": "arn:aws:iam::aws:policy/service-role/AWSLambdaBasicExecutionRole",
            "role": "birthday_checker_lambda_exec_role"
          },
          "sensitive_attributes": [],
          "identity_schema_version": 0,
          "identity": {
            "account_id": "738222620494",
            "policy_arn": "arn:aws:iam::aws:policy/service-role/AWSLambdaBasicExecutionRole",
            "role": "birthday_checker_lambda_exec_role"
          },
          "private": "bnVsbA==",
          "dependencies": [
            "aws_iam_role.lambda_exec_role"
          ]
        }
      ]
    },
    {
      "mode": "managed",
      "type": "aws_lambda_function",
      "name": "birthday_checker",
      "provider": "provider[\"registry.terraform.io/hashicorp/aws\"]",
      "instances": [
        {
          "schema_version": 0,
          "attributes": {
            "architectures": [
              "x86_64"
            ],
            "arn": "arn:aws:lambda:us-west-2:738222620494:function:birthday-checker",
            "capacity_provider_config": [],
            "code_sha256": "bNJ8RoctihL7P1lm5HU/A9xHlhGYBwND03zPtAyrqss=",
            "code_signing_config_arn": "",
            "dead_letter_config": [],
            "description": "",
            "durable_config": [],
            "environment": [],
            "ephemeral_storage": [
              {
                "size": 512
              }
            ],
            "file_system_config": [],
            "filename": "./lambda_function_payload.zip",
            "function_name": "birthday-checker",
            "handler": "index.handler",
            "id": "birthday-checker",
            "image_config": [],
            "image_uri": "",
            "invoke_arn": "arn:aws:apigateway:us-west-2:lambda:path/2015-03-31/functions/arn:aws:lambda:us-west-2:738222620494:function:birthday-checker/invocations",
            "kms_key_arn": "",
            "last_modified": "2026-03-08T23:02:59.889+0000",
            "layers": null,
            "logging_config": [
              {
                "application_log_level": "",
                "log_format": "Text",
                "log_group": "/aws/lambda/birthday-checker",
                "system_log_level": ""
              }
            ],
            "memory_size": 128,
            "package_type": "Zip",
            "publish": false,
            "publish_to": null,
            "qualified_arn": "arn:aws:lambda:us-west-2:738222620494:function:birthday-checker:$LATEST",
            "qualified_invoke_arn": "arn:aws:apigateway:us-west-2:lambda:path/2015-03-31/functions/arn:aws:lambda:us-west-2:738222620494:function:birthday-checker:$LATEST/invocations",
            "region": "us-west-2",
            "replace_security_groups_on_destroy": null,
            "replacement_security_group_ids": null,
            "reserved_concurrent_executions": -1,
            "response_streaming_invoke_arn": "arn:aws:apigateway:us-west-2:lambda:path/2021-11-15/functions/arn:aws:lambda:us-west-2:738222620494:function:birthday-checker/response-streaming-invocations",
            "role": "arn:aws:iam::738222620494:role/birthday_checker_lambda_exec_role",
            "runtime": "python3.12",
            "s3_bucket": null,
            "s3_key": null,
            "s3_object_version": null,
            "signing_job_arn": "",
            "signing_profile_version_arn": "",
            "skip_destroy": false,
            "snap_start": [],
            "source_code_hash": "bNJ8RoctihL7P1lm5HU/A9xHlhGYBwND03zPtAyrqss=",
            "source_code_size": 294,
            "source_kms_key_arn": "",
            "tags": null,
            "tags_all": {},
            "tenancy_config": [],
            "timeout": 3,
            "timeouts": null,
            "tracing_config": [
              {
                "mode": "PassThrough"
              }
            ],
            "version": "$LATEST",
            "vpc_config": []
          },
          "sensitive_attributes": [],
          "identity_schema_version": 0,
          "identity": {
            "account_id": "738222620494",
            "function_name": "birthday-checker",
            "region": "us-west-2"
          },
          "private": "eyJlMmJmYjczMC1lY2FhLTExZTYtOGY4OC0zNDM2M2JjN2M0YzAiOnsiY3JlYXRlIjo2MDAwMDAwMDAwMDAsImRlbGV0ZSI6NjAwMDAwMDAwMDAwLCJ1cGRhdGUiOjYwMDAwMDAwMDAwMH19",
          "dependencies": [
            "aws_iam_role.lambda_exec_role",
            "data.archive_file.lambda_zip"
          ]
        }
      ]
    }
  ],
  "check_results": null
}
